<?xml version="1.0" encoding="utf-8"?>
<Project ToolsVersion="4.0" xmlns="http://schemas.microsoft.com/developer/msbuild/2003">
  <ItemGroup>
    <ClCompile Include="dllmain.cpp" />
    <ClCompile Include="Hooks.cpp" />
    <ClCompile Include="MinHook\buffer.c" />
    <ClCompile Include="MinHook\hde32.c" />
    <ClCompile Include="MinHook\hde64.c" />
    <ClCompile Include="MinHook\hook.c" />
    <ClCompile Include="MinHook\trampoline.c" />
    <ClCompile Include="Loader.cpp" />
    <ClCompile Include="Util.cpp" />
    <ClCompile Include="proxy\winmm.cpp" />
    <ClCompile Include="proxy\dsound.cpp" />
    <ClCompile Include="ImGui\imgui.cpp" />
    <ClCompile Include="ImGui\imgui_demo.cpp" />
    <ClCompile Include="ImGui\imgui_draw.cpp" />
    <ClCompile Include="ImGui\imgui_impl_dx11.cpp" />
    <ClCompile Include="ImGui\imgui_impl_win32.cpp" />
    <ClCompile Include="ImGui\imgui_widgets.cpp" />
    <ClCompile Include="kiero\kiero.cpp" />
    <ClCompile Include="Menu.cpp" />
  </ItemGroup>
  <ItemGroup>
    <Filter Include="Minhook">
      <UniqueIdentifier>{5b77ec94-6833-4008-8a7c-42abc14d8442}</UniqueIdentifier>
    </Filter>
  </ItemGroup>
  <ItemGroup>
    <None Include="exports.def" />
  </ItemGroup>
  <ItemGroup>
    <ClInclude Include="Hooks.h" />
    <ClInclude Include="MinHook\buffer.h" />
    <ClInclude Include="MinHook\hde32.h" />
    <ClInclude Include="MinHook\hde64.h" />
    <ClInclude Include="MinHook\MinHook.h" />
    <ClInclude Include="MinHook\pstdint.h" />
    <ClInclude Include="MinHook\table32.h" />
    <ClInclude Include="MinHook\table64.h" />
    <ClInclude Include="MinHook\trampoline.h" />
    <ClInclude Include="global.h" />
    <ClInclude Include="Loader.h" />
    <ClInclude Include="Util.h" />
    <ClInclude Include="proxy\winmm.h" />
    <ClInclude Include="proxy\dsound.h" />
    <ClInclude Include="ImGui\imconfig.h" />
    <ClInclude Include="ImGui\imgui.h" />
    <ClInclude Include="ImGui\imgui_impl_dx11.h" />
    <ClInclude Include="ImGui\imgui_impl_win32.h" />
    <ClInclude Include="ImGui\imgui_internal.h" />
    <ClInclude Include="ImGui\imstb_rectpack.h" />
    <ClInclude Include="ImGui\imstb_textedit.h" />
    <ClInclude Include="ImGui\imstb_truetype.h" />
    <ClInclude Include="kiero\kiero.h" />
    <ClInclude Include="Menu.h" />
  </ItemGroup>
</Project>