<?xml version="1.0" encoding="utf-8"?>
<Project ToolsVersion="4.0" xmlns="http://schemas.microsoft.com/developer/msbuild/2003">
  <ItemGroup>
    <ClCompile Include="dllmain.cpp" />
    <ClCompile Include="MinHook\buffer.c" />
    <ClCompile Include="MinHook\hde32.c" />
    <ClCompile Include="MinHook\hde64.c" />
    <ClCompile Include="MinHook\MinHook.c" />
    <ClCompile Include="MinHook\trampoline.c" />
    <ClCompile Include="Proxy\dsound.cpp" />
    <ClCompile Include="DLML.cpp" />
    <ClCompile Include="Utils\Utils.cpp" />
    <ClCompile Include="Hook\Hook.cpp" />
    <ClCompile Include="Hook\Hooks\Add_Source\Add_Source.cpp" />
  </ItemGroup>
  <ItemGroup>
    <Filter Include="Minhook">
      <UniqueIdentifier>{5b77ec94-6833-4008-8a7c-42abc14d8442}</UniqueIdentifier>
    </Filter>
  </ItemGroup>
  <ItemGroup>
    <None Include="exports.def" />
  </ItemGroup>
  <ItemGroup>
    <ClInclude Include="MinHook\buffer.h" />
    <ClInclude Include="MinHook\hde32.h" />
    <ClInclude Include="MinHook\hde64.h" />
    <ClInclude Include="MinHook\MinHook.h" />
    <ClInclude Include="MinHook\pstdint.h" />
    <ClInclude Include="MinHook\table32.h" />
    <ClInclude Include="MinHook\table64.h" />
    <ClInclude Include="MinHook\trampoline.h" />
    <ClInclude Include="Proxy\dsound.h" />
    <ClInclude Include="DLML.h" />
    <ClInclude Include="Utils\Utils.h" />
    <ClInclude Include="Hook\Hook.h" />
    <ClInclude Include="Hook\Hooks\Add_Source\Add_Source.h" />
  </ItemGroup>
</Project>