<?xml version="1.0" encoding="utf-8"?>
<Project ToolsVersion="4.0" xmlns="http://schemas.microsoft.com/developer/msbuild/2003">
  <ItemGroup>
    <ClCompile Include="dllmain.cpp" />
    <ClCompile Include="Hooks.cpp" />
    <ClCompile Include="common.cpp" />
    <ClCompile Include="MinHook\buffer.c" />
    <ClCompile Include="MinHook\hde32.c" />
    <ClCompile Include="MinHook\hde64.c" />
    <ClCompile Include="MinHook\hook.c" />
    <ClCompile Include="MinHook\trampoline.c" />
  </ItemGroup>
  <ItemGroup>
    <Filter Include="Minhook">
      <UniqueIdentifier>{5b77ec94-6833-4008-8a7c-42abc14d8442}</UniqueIdentifier>
    </Filter>
    <Filter Include="Imgui">
      <UniqueIdentifier>{e36f8510-0f3a-4dea-99ff-f06b9a552fa0}</UniqueIdentifier>
    </Filter>
  </ItemGroup>
  <ItemGroup>
    <None Include="dsound.def" />
  </ItemGroup>
  <ItemGroup>
    <ClInclude Include="Hooks.h" />
    <ClInclude Include="common.h" />
    <ClInclude Include="MinHook\buffer.h" />
    <ClInclude Include="MinHook\hde32.h" />
    <ClInclude Include="MinHook\hde64.h" />
    <ClInclude Include="MinHook\MinHook.h" />
    <ClInclude Include="MinHook\pstdint.h" />
    <ClInclude Include="MinHook\table32.h" />
    <ClInclude Include="MinHook\table64.h" />
    <ClInclude Include="MinHook\trampoline.h" />
    <ClInclude Include="global.h" />
  </ItemGroup>
</Project>